
Microsoft Visual Studio Solution File, Format Version 12.00
# Visual Studio Version 17
VisualStudioVersion = 17.12.35514.174
MinimumVisualStudioVersion = 10.0.40219.1
Project("{FAE04EC0-301F-11D3-BF4B-00C04F79EFBC}") = "UserService", "src\UserService\UserService.csproj", "{C630D275-68E8-48D5-BBB1-37F5C8AD6FAD}"
EndProject
Project("{FAE04EC0-301F-11D3-BF4B-00C04F79EFBC}") = "UserService.Broker", "src\UserService.Broker\UserService.Broker.csproj", "{70A2A31E-3F3E-4210-9637-44AE8D6AD2F9}"
EndProject
Project("{FAE04EC0-301F-11D3-BF4B-00C04F79EFBC}") = "UserService.Business", "src\UserService.Business\UserService.Business.csproj", "{0BDC7995-9D2D-4BDC-9370-7DB6F5B00161}"
EndProject
Project("{FAE04EC0-301F-11D3-BF4B-00C04F79EFBC}") = "UserService.Data", "src\UserService.Data\UserService.Data.csproj", "{6D5FE1DD-5B89-46DB-92C9-7832470C4F17}"
EndProject
Project("{FAE04EC0-301F-11D3-BF4B-00C04F79EFBC}") = "UserService.DataProvider.PostgreSql.Ef", "src\UserService.DataProvider.PostgreSql.Ef\UserService.DataProvider.PostgreSql.Ef.csproj", "{911D0CE5-E810-43F6-AABF-696F76BE194E}"
EndProject
Project("{FAE04EC0-301F-11D3-BF4B-00C04F79EFBC}") = "UserService.Models.Db", "src\UserService.Models.Db\UserService.Models.Db.csproj", "{013DDD9E-D347-4119-867F-D137DA10A447}"
EndProject
Project("{FAE04EC0-301F-11D3-BF4B-00C04F79EFBC}") = "UserService.Models.Dto", "src\UserService.Models.Dto\UserService.Models.Dto.csproj", "{94B3EAEC-D77F-4DE0-89D5-EF3B3945396F}"
EndProject
Project("{FAE04EC0-301F-11D3-BF4B-00C04F79EFBC}") = "UserService.Data.Provider", "src\UserService.Data.Provider\UserService.Data.Provider.csproj", "{B745B831-D578-42C4-9C0C-7089130CF321}"
EndProject
Global
	GlobalSection(SolutionConfigurationPlatforms) = preSolution
		Debug|Any CPU = Debug|Any CPU
		Release|Any CPU = Release|Any CPU
	EndGlobalSection
	GlobalSection(ProjectConfigurationPlatforms) = postSolution
		{C630D275-68E8-48D5-BBB1-37F5C8AD6FAD}.Debug|Any CPU.ActiveCfg = Debug|Any CPU
		{C630D275-68E8-48D5-BBB1-37F5C8AD6FAD}.Debug|Any CPU.Build.0 = Debug|Any CPU
		{C630D275-68E8-48D5-BBB1-37F5C8AD6FAD}.Release|Any CPU.ActiveCfg = Release|Any CPU
		{C630D275-68E8-48D5-BBB1-37F5C8AD6FAD}.Release|Any CPU.Build.0 = Release|Any CPU
		{70A2A31E-3F3E-4210-9637-44AE8D6AD2F9}.Debug|Any CPU.ActiveCfg = Debug|Any CPU
		{70A2A31E-3F3E-4210-9637-44AE8D6AD2F9}.Debug|Any CPU.Build.0 = Debug|Any CPU
		{70A2A31E-3F3E-4210-9637-44AE8D6AD2F9}.Release|Any CPU.ActiveCfg = Release|Any CPU
		{70A2A31E-3F3E-4210-9637-44AE8D6AD2F9}.Release|Any CPU.Build.0 = Release|Any CPU
		{0BDC7995-9D2D-4BDC-9370-7DB6F5B00161}.Debug|Any CPU.ActiveCfg = Debug|Any CPU
		{0BDC7995-9D2D-4BDC-9370-7DB6F5B00161}.Debug|Any CPU.Build.0 = Debug|Any CPU
		{0BDC7995-9D2D-4BDC-9370-7DB6F5B00161}.Release|Any CPU.ActiveCfg = Release|Any CPU
		{0BDC7995-9D2D-4BDC-9370-7DB6F5B00161}.Release|Any CPU.Build.0 = Release|Any CPU
		{6D5FE1DD-5B89-46DB-92C9-7832470C4F17}.Debug|Any CPU.ActiveCfg = Debug|Any CPU
		{6D5FE1DD-5B89-46DB-92C9-7832470C4F17}.Debug|Any CPU.Build.0 = Debug|Any CPU
		{6D5FE1DD-5B89-46DB-92C9-7832470C4F17}.Release|Any CPU.ActiveCfg = Release|Any CPU
		{6D5FE1DD-5B89-46DB-92C9-7832470C4F17}.Release|Any CPU.Build.0 = Release|Any CPU
		{911D0CE5-E810-43F6-AABF-696F76BE194E}.Debug|Any CPU.ActiveCfg = Debug|Any CPU
		{911D0CE5-E810-43F6-AABF-696F76BE194E}.Debug|Any CPU.Build.0 = Debug|Any CPU
		{911D0CE5-E810-43F6-AABF-696F76BE194E}.Release|Any CPU.ActiveCfg = Release|Any CPU
		{911D0CE5-E810-43F6-AABF-696F76BE194E}.Release|Any CPU.Build.0 = Release|Any CPU
		{013DDD9E-D347-4119-867F-D137DA10A447}.Debug|Any CPU.ActiveCfg = Debug|Any CPU
		{013DDD9E-D347-4119-867F-D137DA10A447}.Debug|Any CPU.Build.0 = Debug|Any CPU
		{013DDD9E-D347-4119-867F-D137DA10A447}.Release|Any CPU.ActiveCfg = Release|Any CPU
		{013DDD9E-D347-4119-867F-D137DA10A447}.Release|Any CPU.Build.0 = Release|Any CPU
		{94B3EAEC-D77F-4DE0-89D5-EF3B3945396F}.Debug|Any CPU.ActiveCfg = Debug|Any CPU
		{94B3EAEC-D77F-4DE0-89D5-EF3B3945396F}.Debug|Any CPU.Build.0 = Debug|Any CPU
		{94B3EAEC-D77F-4DE0-89D5-EF3B3945396F}.Release|Any CPU.ActiveCfg = Release|Any CPU
		{94B3EAEC-D77F-4DE0-89D5-EF3B3945396F}.Release|Any CPU.Build.0 = Release|Any CPU
		{B745B831-D578-42C4-9C0C-7089130CF321}.Debug|Any CPU.ActiveCfg = Debug|Any CPU
		{B745B831-D578-42C4-9C0C-7089130CF321}.Debug|Any CPU.Build.0 = Debug|Any CPU
		{B745B831-D578-42C4-9C0C-7089130CF321}.Release|Any CPU.ActiveCfg = Release|Any CPU
		{B745B831-D578-42C4-9C0C-7089130CF321}.Release|Any CPU.Build.0 = Release|Any CPU
	EndGlobalSection
	GlobalSection(SolutionProperties) = preSolution
		HideSolutionNode = FALSE
	EndGlobalSection
EndGlobal
